
Microsoft Visual Studio Solution File, Format Version 12.00
# Visual Studio 15
VisualStudioVersion = 15.0.28307.271
MinimumVisualStudioVersion = 10.0.40219.1
Project("{8BC9CEB8-8B4A-11D0-8D11-00A0C91BC942}") = "GeometricConstraintSolver", "GeometricConstraintSolver\GeometricConstraintSolver.vcxproj", "{3B745D82-5044-47D9-897F-D3C614A3633E}"
EndProject
Project("{8BC9CEB8-8B4A-11D0-8D11-00A0C91BC942}") = "CASCpp", "CASCpp\CASCpp.vcxproj", "{225F4F26-0C0F-43F7-8A95-71A44004DEAF}"
EndProject
Project("{8BC9CEB8-8B4A-11D0-8D11-00A0C91BC942}") = "SolverAdapter", "SolverAdapter\SolverAdapter.vcxproj", "{63AEB20A-E199-46D1-B57A-C8A036AD6318}"
EndProject
Project("{FAE04EC0-301F-11D3-BF4B-00C04F79EFBC}") = "WpfTest", "WpfTest\WpfTest.csproj", "{1A2C6DF7-5D6C-45BE-8B57-9BEB35BEE688}"
EndProject
Project("{8BC9CEB8-8B4A-11D0-8D11-00A0C91BC942}") = "ConsoleTesting", "ConsoleTesting\ConsoleTesting.vcxproj", "{7B3C1534-64DA-4965-8F39-7F7C6BB7A15B}"
EndProject
Global
	GlobalSection(SolutionConfigurationPlatforms) = preSolution
		Debug|Any CPU = Debug|Any CPU
		Debug|x64 = Debug|x64
		Debug|x86 = Debug|x86
		Release|Any CPU = Release|Any CPU
		Release|x64 = Release|x64
		Release|x86 = Release|x86
	EndGlobalSection
	GlobalSection(ProjectConfigurationPlatforms) = postSolution
		{3B745D82-5044-47D9-897F-D3C614A3633E}.Debug|Any CPU.ActiveCfg = Debug|Win32
		{3B745D82-5044-47D9-897F-D3C614A3633E}.Debug|x64.ActiveCfg = Debug|x64
		{3B745D82-5044-47D9-897F-D3C614A3633E}.Debug|x64.Build.0 = Debug|x64
		{3B745D82-5044-47D9-897F-D3C614A3633E}.Debug|x86.ActiveCfg = Debug|Win32
		{3B745D82-5044-47D9-897F-D3C614A3633E}.Debug|x86.Build.0 = Debug|Win32
		{3B745D82-5044-47D9-897F-D3C614A3633E}.Release|Any CPU.ActiveCfg = Release|Win32
		{3B745D82-5044-47D9-897F-D3C614A3633E}.Release|x64.ActiveCfg = Release|x64
		{3B745D82-5044-47D9-897F-D3C614A3633E}.Release|x64.Build.0 = Release|x64
		{3B745D82-5044-47D9-897F-D3C614A3633E}.Release|x86.ActiveCfg = Release|Win32
		{3B745D82-5044-47D9-897F-D3C614A3633E}.Release|x86.Build.0 = Release|Win32
		{225F4F26-0C0F-43F7-8A95-71A44004DEAF}.Debug|Any CPU.ActiveCfg = Debug|Win32
		{225F4F26-0C0F-43F7-8A95-71A44004DEAF}.Debug|x64.ActiveCfg = Debug|x64
		{225F4F26-0C0F-43F7-8A95-71A44004DEAF}.Debug|x64.Build.0 = Debug|x64
		{225F4F26-0C0F-43F7-8A95-71A44004DEAF}.Debug|x86.ActiveCfg = Debug|Win32
		{225F4F26-0C0F-43F7-8A95-71A44004DEAF}.Debug|x86.Build.0 = Debug|Win32
		{225F4F26-0C0F-43F7-8A95-71A44004DEAF}.Release|Any CPU.ActiveCfg = Release|Win32
		{225F4F26-0C0F-43F7-8A95-71A44004DEAF}.Release|x64.ActiveCfg = Release|x64
		{225F4F26-0C0F-43F7-8A95-71A44004DEAF}.Release|x64.Build.0 = Release|x64
		{225F4F26-0C0F-43F7-8A95-71A44004DEAF}.Release|x86.ActiveCfg = Release|Win32
		{225F4F26-0C0F-43F7-8A95-71A44004DEAF}.Release|x86.Build.0 = Release|Win32
		{63AEB20A-E199-46D1-B57A-C8A036AD6318}.Debug|Any CPU.ActiveCfg = Debug|Win32
		{63AEB20A-E199-46D1-B57A-C8A036AD6318}.Debug|x64.ActiveCfg = Debug|x64
		{63AEB20A-E199-46D1-B57A-C8A036AD6318}.Debug|x64.Build.0 = Debug|x64
		{63AEB20A-E199-46D1-B57A-C8A036AD6318}.Debug|x86.ActiveCfg = Debug|Win32
		{63AEB20A-E199-46D1-B57A-C8A036AD6318}.Debug|x86.Build.0 = Debug|Win32
		{63AEB20A-E199-46D1-B57A-C8A036AD6318}.Release|Any CPU.ActiveCfg = Release|Win32
		{63AEB20A-E199-46D1-B57A-C8A036AD6318}.Release|x64.ActiveCfg = Release|x64
		{63AEB20A-E199-46D1-B57A-C8A036AD6318}.Release|x64.Build.0 = Release|x64
		{63AEB20A-E199-46D1-B57A-C8A036AD6318}.Release|x86.ActiveCfg = Release|Win32
		{63AEB20A-E199-46D1-B57A-C8A036AD6318}.Release|x86.Build.0 = Release|Win32
		{1A2C6DF7-5D6C-45BE-8B57-9BEB35BEE688}.Debug|Any CPU.ActiveCfg = Debug|Any CPU
		{1A2C6DF7-5D6C-45BE-8B57-9BEB35BEE688}.Debug|Any CPU.Build.0 = Debug|Any CPU
		{1A2C6DF7-5D6C-45BE-8B57-9BEB35BEE688}.Debug|x64.ActiveCfg = Debug|Any CPU
		{1A2C6DF7-5D6C-45BE-8B57-9BEB35BEE688}.Debug|x64.Build.0 = Debug|Any CPU
		{1A2C6DF7-5D6C-45BE-8B57-9BEB35BEE688}.Debug|x86.ActiveCfg = Debug|Any CPU
		{1A2C6DF7-5D6C-45BE-8B57-9BEB35BEE688}.Debug|x86.Build.0 = Debug|Any CPU
		{1A2C6DF7-5D6C-45BE-8B57-9BEB35BEE688}.Release|Any CPU.ActiveCfg = Release|Any CPU
		{1A2C6DF7-5D6C-45BE-8B57-9BEB35BEE688}.Release|Any CPU.Build.0 = Release|Any CPU
		{1A2C6DF7-5D6C-45BE-8B57-9BEB35BEE688}.Release|x64.ActiveCfg = Release|Any CPU
		{1A2C6DF7-5D6C-45BE-8B57-9BEB35BEE688}.Release|x64.Build.0 = Release|Any CPU
		{1A2C6DF7-5D6C-45BE-8B57-9BEB35BEE688}.Release|x86.ActiveCfg = Release|Any CPU
		{1A2C6DF7-5D6C-45BE-8B57-9BEB35BEE688}.Release|x86.Build.0 = Release|Any CPU
		{7B3C1534-64DA-4965-8F39-7F7C6BB7A15B}.Debug|Any CPU.ActiveCfg = Debug|Win32
		{7B3C1534-64DA-4965-8F39-7F7C6BB7A15B}.Debug|x64.ActiveCfg = Debug|x64
		{7B3C1534-64DA-4965-8F39-7F7C6BB7A15B}.Debug|x64.Build.0 = Debug|x64
		{7B3C1534-64DA-4965-8F39-7F7C6BB7A15B}.Debug|x86.ActiveCfg = Debug|Win32
		{7B3C1534-64DA-4965-8F39-7F7C6BB7A15B}.Debug|x86.Build.0 = Debug|Win32
		{7B3C1534-64DA-4965-8F39-7F7C6BB7A15B}.Release|Any CPU.ActiveCfg = Release|Win32
		{7B3C1534-64DA-4965-8F39-7F7C6BB7A15B}.Release|x64.ActiveCfg = Release|x64
		{7B3C1534-64DA-4965-8F39-7F7C6BB7A15B}.Release|x64.Build.0 = Release|x64
		{7B3C1534-64DA-4965-8F39-7F7C6BB7A15B}.Release|x86.ActiveCfg = Release|Win32
		{7B3C1534-64DA-4965-8F39-7F7C6BB7A15B}.Release|x86.Build.0 = Release|Win32
	EndGlobalSection
	GlobalSection(SolutionProperties) = preSolution
		HideSolutionNode = FALSE
	EndGlobalSection
	GlobalSection(ExtensibilityGlobals) = postSolution
		SolutionGuid = {D34116BE-008C-4707-8F2D-8AAD1927567E}
	EndGlobalSection
EndGlobal
